<Solution>
  <Folder Name="/src/">
    <Project Path="src/Lolcode.Build/Lolcode.Build.csproj" />
    <Project Path="src/Lolcode.Cli/Lolcode.Cli.csproj" />
    <Project Path="src/Lolcode.CodeAnalysis/Lolcode.CodeAnalysis.csproj" />
    <Project Path="src/Lolcode.Runtime/Lolcode.Runtime.csproj" />
  </Folder>
  <Folder Name="/tests/">
    <Project Path="tests/Lolcode.CodeAnalysis.Tests/Lolcode.CodeAnalysis.Tests.csproj" />
  </Folder>
</Solution>
